// !$*UTF8*$!
{
	archiveVersion = 1;
	classes = {
	};
	objectVersion = 77;
	objects = {

/* Begin PBXBuildFile section */
		B218EEE52DFCD67F00E19230 /* WidgetKit.framework in Frameworks */ = {isa = PBXBuildFile; fileRef = B218EEE42DFCD67F00E19230 /* WidgetKit.framework */; };
		B218EEE72DFCD67F00E19230 /* SwiftUI.framework in Frameworks */ = {isa = PBXBuildFile; fileRef = B218EEE62DFCD67F00E19230 /* SwiftUI.framework */; };
		B218EEF82DFCD68300E19230 /* MileADayWidgetsExtension.appex in Embed Foundation Extensions */ = {isa = PBXBuildFile; fileRef = B218EEE22DFCD67F00E19230 /* MileADayWidgetsExtension.appex */; settings = {ATTRIBUTES = (RemoveHeadersOnCopy, ); }; };
/* End PBXBuildFile section */

/* Begin PBXContainerItemProxy section */
		B218EEF62DFCD68300E19230 /* PBXContainerItemProxy */ = {
			isa = PBXContainerItemProxy;
			containerPortal = B22046132DF51E9A006ECF83 /* Project object */;
			proxyType = 1;
			remoteGlobalIDString = B218EEE12DFCD67F00E19230;
			remoteInfo = MileADayWidgetsExtension;
		};
		B22046292DF51EA9006ECF83 /* PBXContainerItemProxy */ = {
			isa = PBXContainerItemProxy;
			containerPortal = B22046132DF51E9A006ECF83 /* Project object */;
			proxyType = 1;
			remoteGlobalIDString = B220461A2DF51E9A006ECF83;
			remoteInfo = "Mile A Day";
		};
		B22046332DF51EA9006ECF83 /* PBXContainerItemProxy */ = {
			isa = PBXContainerItemProxy;
			containerPortal = B22046132DF51E9A006ECF83 /* Project object */;
			proxyType = 1;
			remoteGlobalIDString = B220461A2DF51E9A006ECF83;
			remoteInfo = "Mile A Day";
		};
/* End PBXContainerItemProxy section */

/* Begin PBXCopyFilesBuildPhase section */
		B218EEFD2DFCD68300E19230 /* Embed Foundation Extensions */ = {
			isa = PBXCopyFilesBuildPhase;
			buildActionMask = 2147483647;
			dstPath = "";
			dstSubfolderSpec = 13;
			files = (
				B218EEF82DFCD68300E19230 /* MileADayWidgetsExtension.appex in Embed Foundation Extensions */,
			);
			name = "Embed Foundation Extensions";
			runOnlyForDeploymentPostprocessing = 0;
		};
/* End PBXCopyFilesBuildPhase section */

/* Begin PBXFileReference section */
		B218EEE22DFCD67F00E19230 /* MileADayWidgetsExtension.appex */ = {isa = PBXFileReference; explicitFileType = "wrapper.app-extension"; includeInIndex = 0; path = MileADayWidgetsExtension.appex; sourceTree = BUILT_PRODUCTS_DIR; };
		B218EEE42DFCD67F00E19230 /* WidgetKit.framework */ = {isa = PBXFileReference; lastKnownFileType = wrapper.framework; name = WidgetKit.framework; path = System/Library/Frameworks/WidgetKit.framework; sourceTree = SDKROOT; };
		B218EEE62DFCD67F00E19230 /* SwiftUI.framework */ = {isa = PBXFileReference; lastKnownFileType = wrapper.framework; name = SwiftUI.framework; path = System/Library/Frameworks/SwiftUI.framework; sourceTree = SDKROOT; };
		B218EF062DFCDECE00E19230 /* MileADayWidgetsExtension.entitlements */ = {isa = PBXFileReference; lastKnownFileType = text.plist.entitlements; path = MileADayWidgetsExtension.entitlements; sourceTree = "<group>"; };
		B220461B2DF51E9A006ECF83 /* Mile A Day.app */ = {isa = PBXFileReference; explicitFileType = wrapper.application; includeInIndex = 0; path = "Mile A Day.app"; sourceTree = BUILT_PRODUCTS_DIR; };
		B22046282DF51EA9006ECF83 /* Mile A DayTests.xctest */ = {isa = PBXFileReference; explicitFileType = wrapper.cfbundle; includeInIndex = 0; path = "Mile A DayTests.xctest"; sourceTree = BUILT_PRODUCTS_DIR; };
		B22046322DF51EA9006ECF83 /* Mile A DayUITests.xctest */ = {isa = PBXFileReference; explicitFileType = wrapper.cfbundle; includeInIndex = 0; path = "Mile A DayUITests.xctest"; sourceTree = BUILT_PRODUCTS_DIR; };
/* End PBXFileReference section */

/* Begin PBXFileSystemSynchronizedBuildFileExceptionSet section */
		B218EEF92DFCD68300E19230 /* Exceptions for "MileADayWidgets" folder in "MileADayWidgetsExtension" target */ = {
			isa = PBXFileSystemSynchronizedBuildFileExceptionSet;
			membershipExceptions = (
				Info.plist,
			);
			target = B218EEE12DFCD67F00E19230 /* MileADayWidgetsExtension */;
		};
		B218EF012DFCD6AF00E19230 /* Exceptions for "Mile A Day" folder in "MileADayWidgetsExtension" target */ = {
			isa = PBXFileSystemSynchronizedBuildFileExceptionSet;
			membershipExceptions = (
				Shared/WidgetDataStore.swift,
				Widgets/StreakCountWidget.swift,
				Widgets/TodayProgressWidget.swift,
			);
			target = B218EEE12DFCD67F00E19230 /* MileADayWidgetsExtension */;
		};
		B218EF022DFCD6B000E19230 /* Exceptions for "Mile A Day" folder in "Mile A Day" target */ = {
			isa = PBXFileSystemSynchronizedBuildFileExceptionSet;
			membershipExceptions = (
				Widgets/StreakCountWidget.swift,
				Widgets/TodayProgressWidget.swift,
			);
			target = B220461A2DF51E9A006ECF83 /* Mile A Day */;
		};
/* End PBXFileSystemSynchronizedBuildFileExceptionSet section */

/* Begin PBXFileSystemSynchronizedRootGroup section */
		B218EEE82DFCD67F00E19230 /* MileADayWidgets */ = {
			isa = PBXFileSystemSynchronizedRootGroup;
			exceptions = (
				B218EEF92DFCD68300E19230 /* Exceptions for "MileADayWidgets" folder in "MileADayWidgetsExtension" target */,
			);
			path = MileADayWidgets;
			sourceTree = "<group>";
		};
		B220461D2DF51E9A006ECF83 /* Mile A Day */ = {
			isa = PBXFileSystemSynchronizedRootGroup;
			exceptions = (
				B218EF022DFCD6B000E19230 /* Exceptions for "Mile A Day" folder in "Mile A Day" target */,
				B218EF012DFCD6AF00E19230 /* Exceptions for "Mile A Day" folder in "MileADayWidgetsExtension" target */,
			);
			path = "Mile A Day";
			sourceTree = "<group>";
		};
		B220462B2DF51EA9006ECF83 /* Mile A DayTests */ = {
			isa = PBXFileSystemSynchronizedRootGroup;
			path = "Mile A DayTests";
			sourceTree = "<group>";
		};
		B22046352DF51EA9006ECF83 /* Mile A DayUITests */ = {
			isa = PBXFileSystemSynchronizedRootGroup;
			path = "Mile A DayUITests";
			sourceTree = "<group>";
		};
/* End PBXFileSystemSynchronizedRootGroup section */

/* Begin PBXFrameworksBuildPhase section */
		B218EEDF2DFCD67F00E19230 /* Frameworks */ = {
			isa = PBXFrameworksBuildPhase;
			buildActionMask = 2147483647;
			files = (
				B218EEE72DFCD67F00E19230 /* SwiftUI.framework in Frameworks */,
				B218EEE52DFCD67F00E19230 /* WidgetKit.framework in Frameworks */,
			);
			runOnlyForDeploymentPostprocessing = 0;
		};
		B22046182DF51E9A006ECF83 /* Frameworks */ = {
			isa = PBXFrameworksBuildPhase;
			buildActionMask = 2147483647;
			files = (
			);
			runOnlyForDeploymentPostprocessing = 0;
		};
		B22046252DF51EA9006ECF83 /* Frameworks */ = {
			isa = PBXFrameworksBuildPhase;
			buildActionMask = 2147483647;
			files = (
			);
			runOnlyForDeploymentPostprocessing = 0;
		};
		B220462F2DF51EA9006ECF83 /* Frameworks */ = {
			isa = PBXFrameworksBuildPhase;
			buildActionMask = 2147483647;
			files = (
			);
			runOnlyForDeploymentPostprocessing = 0;
		};
/* End PBXFrameworksBuildPhase section */

/* Begin PBXGroup section */
		B218EEE32DFCD67F00E19230 /* Frameworks */ = {
			isa = PBXGroup;
			children = (
				B218EEE42DFCD67F00E19230 /* WidgetKit.framework */,
				B218EEE62DFCD67F00E19230 /* SwiftUI.framework */,
			);
			name = Frameworks;
			sourceTree = "<group>";
		};
		B22046122DF51E9A006ECF83 = {
			isa = PBXGroup;
			children = (
				B218EF062DFCDECE00E19230 /* MileADayWidgetsExtension.entitlements */,
				B220461D2DF51E9A006ECF83 /* Mile A Day */,
				B220462B2DF51EA9006ECF83 /* Mile A DayTests */,
				B22046352DF51EA9006ECF83 /* Mile A DayUITests */,
				B218EEE82DFCD67F00E19230 /* MileADayWidgets */,
				B218EEE32DFCD67F00E19230 /* Frameworks */,
				B220461C2DF51E9A006ECF83 /* Products */,
			);
			sourceTree = "<group>";
		};
		B220461C2DF51E9A006ECF83 /* Products */ = {
			isa = PBXGroup;
			children = (
				B220461B2DF51E9A006ECF83 /* Mile A Day.app */,
				B22046282DF51EA9006ECF83 /* Mile A DayTests.xctest */,
				B22046322DF51EA9006ECF83 /* Mile A DayUITests.xctest */,
				B218EEE22DFCD67F00E19230 /* MileADayWidgetsExtension.appex */,
			);
			name = Products;
			sourceTree = "<group>";
		};
/* End PBXGroup section */

/* Begin PBXNativeTarget section */
		B218EEE12DFCD67F00E19230 /* MileADayWidgetsExtension */ = {
			isa = PBXNativeTarget;
			buildConfigurationList = B218EEFA2DFCD68300E19230 /* Build configuration list for PBXNativeTarget "MileADayWidgetsExtension" */;
			buildPhases = (
				B218EEDE2DFCD67F00E19230 /* Sources */,
				B218EEDF2DFCD67F00E19230 /* Frameworks */,
				B218EEE02DFCD67F00E19230 /* Resources */,
			);
			buildRules = (
			);
			dependencies = (
			);
			fileSystemSynchronizedGroups = (
				B218EEE82DFCD67F00E19230 /* MileADayWidgets */,
			);
			name = MileADayWidgetsExtension;
			packageProductDependencies = (
			);
			productName = MileADayWidgetsExtension;
			productReference = B218EEE22DFCD67F00E19230 /* MileADayWidgetsExtension.appex */;
			productType = "com.apple.product-type.app-extension";
		};
		B220461A2DF51E9A006ECF83 /* Mile A Day */ = {
			isa = PBXNativeTarget;
			buildConfigurationList = B220463C2DF51EA9006ECF83 /* Build configuration list for PBXNativeTarget "Mile A Day" */;
			buildPhases = (
				B22046172DF51E9A006ECF83 /* Sources */,
				B22046182DF51E9A006ECF83 /* Frameworks */,
				B22046192DF51E9A006ECF83 /* Resources */,
				B218EEFD2DFCD68300E19230 /* Embed Foundation Extensions */,
			);
			buildRules = (
			);
			dependencies = (
				B218EEF72DFCD68300E19230 /* PBXTargetDependency */,
			);
			fileSystemSynchronizedGroups = (
				B220461D2DF51E9A006ECF83 /* Mile A Day */,
			);
			name = "Mile A Day";
			packageProductDependencies = (
			);
			productName = "Mile A Day";
			productReference = B220461B2DF51E9A006ECF83 /* Mile A Day.app */;
			productType = "com.apple.product-type.application";
		};
		B22046272DF51EA9006ECF83 /* Mile A DayTests */ = {
			isa = PBXNativeTarget;
			buildConfigurationList = B220463F2DF51EA9006ECF83 /* Build configuration list for PBXNativeTarget "Mile A DayTests" */;
			buildPhases = (
				B22046242DF51EA9006ECF83 /* Sources */,
				B22046252DF51EA9006ECF83 /* Frameworks */,
				B22046262DF51EA9006ECF83 /* Resources */,
			);
			buildRules = (
			);
			dependencies = (
				B220462A2DF51EA9006ECF83 /* PBXTargetDependency */,
			);
			fileSystemSynchronizedGroups = (
				B220462B2DF51EA9006ECF83 /* Mile A DayTests */,
			);
			name = "Mile A DayTests";
			packageProductDependencies = (
			);
			productName = "Mile A DayTests";
			productReference = B22046282DF51EA9006ECF83 /* Mile A DayTests.xctest */;
			productType = "com.apple.product-type.bundle.unit-test";
		};
		B22046312DF51EA9006ECF83 /* Mile A DayUITests */ = {
			isa = PBXNativeTarget;
			buildConfigurationList = B22046422DF51EA9006ECF83 /* Build configuration list for PBXNativeTarget "Mile A DayUITests" */;
			buildPhases = (
				B220462E2DF51EA9006ECF83 /* Sources */,
				B220462F2DF51EA9006ECF83 /* Frameworks */,
				B22046302DF51EA9006ECF83 /* Resources */,
			);
			buildRules = (
			);
			dependencies = (
				B22046342DF51EA9006ECF83 /* PBXTargetDependency */,
			);
			fileSystemSynchronizedGroups = (
				B22046352DF51EA9006ECF83 /* Mile A DayUITests */,
			);
			name = "Mile A DayUITests";
			packageProductDependencies = (
			);
			productName = "Mile A DayUITests";
			productReference = B22046322DF51EA9006ECF83 /* Mile A DayUITests.xctest */;
			productType = "com.apple.product-type.bundle.ui-testing";
		};
/* End PBXNativeTarget section */

/* Begin PBXProject section */
		B22046132DF51E9A006ECF83 /* Project object */ = {
			isa = PBXProject;
			attributes = {
				BuildIndependentTargetsInParallel = 1;
				LastSwiftUpdateCheck = 1640;
				LastUpgradeCheck = 1640;
				TargetAttributes = {
					B218EEE12DFCD67F00E19230 = {
						CreatedOnToolsVersion = 16.4;
					};
					B220461A2DF51E9A006ECF83 = {
						CreatedOnToolsVersion = 16.4;
					};
					B22046272DF51EA9006ECF83 = {
						CreatedOnToolsVersion = 16.4;
						TestTargetID = B220461A2DF51E9A006ECF83;
					};
					B22046312DF51EA9006ECF83 = {
						CreatedOnToolsVersion = 16.4;
						TestTargetID = B220461A2DF51E9A006ECF83;
					};
				};
			};
			buildConfigurationList = B22046162DF51E9A006ECF83 /* Build configuration list for PBXProject "Mile A Day" */;
			developmentRegion = en;
			hasScannedForEncodings = 0;
			knownRegions = (
				en,
				Base,
			);
			mainGroup = B22046122DF51E9A006ECF83;
			minimizedProjectReferenceProxies = 1;
			preferredProjectObjectVersion = 77;
			productRefGroup = B220461C2DF51E9A006ECF83 /* Products */;
			projectDirPath = "";
			projectRoot = "";
			targets = (
				B220461A2DF51E9A006ECF83 /* Mile A Day */,
				B22046272DF51EA9006ECF83 /* Mile A DayTests */,
				B22046312DF51EA9006ECF83 /* Mile A DayUITests */,
				B218EEE12DFCD67F00E19230 /* MileADayWidgetsExtension */,
			);
		};
/* End PBXProject section */

/* Begin PBXResourcesBuildPhase section */
		B218EEE02DFCD67F00E19230 /* Resources */ = {
			isa = PBXResourcesBuildPhase;
			buildActionMask = 2147483647;
			files = (
			);
			runOnlyForDeploymentPostprocessing = 0;
		};
		B22046192DF51E9A006ECF83 /* Resources */ = {
			isa = PBXResourcesBuildPhase;
			buildActionMask = 2147483647;
			files = (
			);
			runOnlyForDeploymentPostprocessing = 0;
		};
		B22046262DF51EA9006ECF83 /* Resources */ = {
			isa = PBXResourcesBuildPhase;
			buildActionMask = 2147483647;
			files = (
			);
			runOnlyForDeploymentPostprocessing = 0;
		};
		B22046302DF51EA9006ECF83 /* Resources */ = {
			isa = PBXResourcesBuildPhase;
			buildActionMask = 2147483647;
			files = (
			);
			runOnlyForDeploymentPostprocessing = 0;
		};
/* End PBXResourcesBuildPhase section */

/* Begin PBXSourcesBuildPhase section */
		B218EEDE2DFCD67F00E19230 /* Sources */ = {
			isa = PBXSourcesBuildPhase;
			buildActionMask = 2147483647;
			files = (
			);
			runOnlyForDeploymentPostprocessing = 0;
		};
		B22046172DF51E9A006ECF83 /* Sources */ = {
			isa = PBXSourcesBuildPhase;
			buildActionMask = 2147483647;
			files = (
			);
			runOnlyForDeploymentPostprocessing = 0;
		};
		B22046242DF51EA9006ECF83 /* Sources */ = {
			isa = PBXSourcesBuildPhase;
			buildActionMask = 2147483647;
			files = (
			);
			runOnlyForDeploymentPostprocessing = 0;
		};
		B220462E2DF51EA9006ECF83 /* Sources */ = {
			isa = PBXSourcesBuildPhase;
			buildActionMask = 2147483647;
			files = (
			);
			runOnlyForDeploymentPostprocessing = 0;
		};
/* End PBXSourcesBuildPhase section */

/* Begin PBXTargetDependency section */
		B218EEF72DFCD68300E19230 /* PBXTargetDependency */ = {
			isa = PBXTargetDependency;
			target = B218EEE12DFCD67F00E19230 /* MileADayWidgetsExtension */;
			targetProxy = B218EEF62DFCD68300E19230 /* PBXContainerItemProxy */;
		};
		B220462A2DF51EA9006ECF83 /* PBXTargetDependency */ = {
			isa = PBXTargetDependency;
			target = B220461A2DF51E9A006ECF83 /* Mile A Day */;
			targetProxy = B22046292DF51EA9006ECF83 /* PBXContainerItemProxy */;
		};
		B22046342DF51EA9006ECF83 /* PBXTargetDependency */ = {
			isa = PBXTargetDependency;
			target = B220461A2DF51E9A006ECF83 /* Mile A Day */;
			targetProxy = B22046332DF51EA9006ECF83 /* PBXContainerItemProxy */;
		};
/* End PBXTargetDependency section */

/* Begin XCBuildConfiguration section */
		B218EEFB2DFCD68300E19230 /* Debug */ = {
			isa = XCBuildConfiguration;
			buildSettings = {
				ASSETCATALOG_COMPILER_GLOBAL_ACCENT_COLOR_NAME = AccentColor;
				ASSETCATALOG_COMPILER_WIDGET_BACKGROUND_COLOR_NAME = WidgetBackground;
				CODE_SIGN_ENTITLEMENTS = MileADayWidgetsExtension.entitlements;
				CODE_SIGN_STYLE = Automatic;
				CURRENT_PROJECT_VERSION = 1;
				DEVELOPMENT_TEAM = NS237SS5KD;
				GENERATE_INFOPLIST_FILE = YES;
				INFOPLIST_FILE = MileADayWidgets/Info.plist;
				INFOPLIST_KEY_CFBundleDisplayName = MileADayWidgets;
				INFOPLIST_KEY_NSHumanReadableCopyright = "";
				LD_RUNPATH_SEARCH_PATHS = (
					"$(inherited)",
					"@executable_path/Frameworks",
					"@executable_path/../../Frameworks",
				);
				MARKETING_VERSION = 1.0;
				PRODUCT_BUNDLE_IDENTIFIER = "org.robertwiscount.Mile-A-Day.MileADayWidgets";
				PRODUCT_NAME = "$(TARGET_NAME)";
				SKIP_INSTALL = YES;
				SWIFT_EMIT_LOC_STRINGS = YES;
				SWIFT_VERSION = 5.0;
				TARGETED_DEVICE_FAMILY = "1,2";
			};
			name = Debug;
		};
		B218EEFC2DFCD68300E19230 /* Release */ = {
			isa = XCBuildConfiguration;
			buildSettings = {
				ASSETCATALOG_COMPILER_GLOBAL_ACCENT_COLOR_NAME = AccentColor;
				ASSETCATALOG_COMPILER_WIDGET_BACKGROUND_COLOR_NAME = WidgetBackground;
				CODE_SIGN_ENTITLEMENTS = MileADayWidgetsExtension.entitlements;
				CODE_SIGN_STYLE = Automatic;
				CURRENT_PROJECT_VERSION = 1;
				DEVELOPMENT_TEAM = NS237SS5KD;
				GENERATE_INFOPLIST_FILE = YES;
				INFOPLIST_FILE = MileADayWidgets/Info.plist;
				INFOPLIST_KEY_CFBundleDisplayName = MileADayWidgets;
				INFOPLIST_KEY_NSHumanReadableCopyright = "";
				LD_RUNPATH_SEARCH_PATHS = (
					"$(inherited)",
					"@executable_path/Frameworks",
					"@executable_path/../../Frameworks",
				);
				MARKETING_VERSION = 1.0;
				PRODUCT_BUNDLE_IDENTIFIER = "org.robertwiscount.Mile-A-Day.MileADayWidgets";
				PRODUCT_NAME = "$(TARGET_NAME)";
				SKIP_INSTALL = YES;
				SWIFT_EMIT_LOC_STRINGS = YES;
				SWIFT_VERSION = 5.0;
				TARGETED_DEVICE_FAMILY = "1,2";
			};
			name = Release;
		};
		B220463A2DF51EA9006ECF83 /* Debug */ = {
			isa = XCBuildConfiguration;
			buildSettings = {
				ALWAYS_SEARCH_USER_PATHS = NO;
				ASSETCATALOG_COMPILER_GENERATE_SWIFT_ASSET_SYMBOL_EXTENSIONS = YES;
				CLANG_ANALYZER_NONNULL = YES;
				CLANG_ANALYZER_NUMBER_OBJECT_CONVERSION = YES_AGGRESSIVE;
				CLANG_CXX_LANGUAGE_STANDARD = "gnu++20";
				CLANG_ENABLE_MODULES = YES;
				CLANG_ENABLE_OBJC_ARC = YES;
				CLANG_ENABLE_OBJC_WEAK = YES;
				CLANG_WARN_BLOCK_CAPTURE_AUTORELEASING = YES;
				CLANG_WARN_BOOL_CONVERSION = YES;
				CLANG_WARN_COMMA = YES;
				CLANG_WARN_CONSTANT_CONVERSION = YES;
				CLANG_WARN_DEPRECATED_OBJC_IMPLEMENTATIONS = YES;
				CLANG_WARN_DIRECT_OBJC_ISA_USAGE = YES_ERROR;
				CLANG_WARN_DOCUMENTATION_COMMENTS = YES;
				CLANG_WARN_EMPTY_BODY = YES;
				CLANG_WARN_ENUM_CONVERSION = YES;
				CLANG_WARN_INFINITE_RECURSION = YES;
				CLANG_WARN_INT_CONVERSION = YES;
				CLANG_WARN_NON_LITERAL_NULL_CONVERSION = YES;
				CLANG_WARN_OBJC_IMPLICIT_RETAIN_SELF = YES;
				CLANG_WARN_OBJC_LITERAL_CONVERSION = YES;
				CLANG_WARN_OBJC_ROOT_CLASS = YES_ERROR;
				CLANG_WARN_QUOTED_INCLUDE_IN_FRAMEWORK_HEADER = YES;
				CLANG_WARN_RANGE_LOOP_ANALYSIS = YES;
				CLANG_WARN_STRICT_PROTOTYPES = YES;
				CLANG_WARN_SUSPICIOUS_MOVE = YES;
				CLANG_WARN_UNGUARDED_AVAILABILITY = YES_AGGRESSIVE;
				CLANG_WARN_UNREACHABLE_CODE = YES;
				CLANG_WARN__DUPLICATE_METHOD_MATCH = YES;
				COPY_PHASE_STRIP = NO;
				DEBUG_INFORMATION_FORMAT = dwarf;
				DEVELOPMENT_TEAM = NS237SS5KD;
				ENABLE_STRICT_OBJC_MSGSEND = YES;
				ENABLE_TESTABILITY = YES;
				ENABLE_USER_SCRIPT_SANDBOXING = YES;
				GCC_C_LANGUAGE_STANDARD = gnu17;
				GCC_DYNAMIC_NO_PIC = NO;
				GCC_NO_COMMON_BLOCKS = YES;
				GCC_OPTIMIZATION_LEVEL = 0;
				GCC_PREPROCESSOR_DEFINITIONS = (
					"DEBUG=1",
					"$(inherited)",
				);
				GCC_WARN_64_TO_32_BIT_CONVERSION = YES;
				GCC_WARN_ABOUT_RETURN_TYPE = YES_ERROR;
				GCC_WARN_UNDECLARED_SELECTOR = YES;
				GCC_WARN_UNINITIALIZED_AUTOS = YES_AGGRESSIVE;
				GCC_WARN_UNUSED_FUNCTION = YES;
				GCC_WARN_UNUSED_VARIABLE = YES;
				IPHONEOS_DEPLOYMENT_TARGET = 18.5;
				LOCALIZATION_PREFERS_STRING_CATALOGS = YES;
				MTL_ENABLE_DEBUG_INFO = INCLUDE_SOURCE;
				MTL_FAST_MATH = YES;
				ONLY_ACTIVE_ARCH = YES;
				SDKROOT = iphoneos;
				SWIFT_ACTIVE_COMPILATION_CONDITIONS = "DEBUG $(inherited)";
				SWIFT_OPTIMIZATION_LEVEL = "-Onone";
			};
			name = Debug;
		};
		B220463B2DF51EA9006ECF83 /* Release */ = {
			isa = XCBuildConfiguration;
			buildSettings = {
				ALWAYS_SEARCH_USER_PATHS = NO;
				ASSETCATALOG_COMPILER_GENERATE_SWIFT_ASSET_SYMBOL_EXTENSIONS = YES;
				CLANG_ANALYZER_NONNULL = YES;
				CLANG_ANALYZER_NUMBER_OBJECT_CONVERSION = YES_AGGRESSIVE;
				CLANG_CXX_LANGUAGE_STANDARD = "gnu++20";
				CLANG_ENABLE_MODULES = YES;
				CLANG_ENABLE_OBJC_ARC = YES;
				CLANG_ENABLE_OBJC_WEAK = YES;
				CLANG_WARN_BLOCK_CAPTURE_AUTORELEASING = YES;
				CLANG_WARN_BOOL_CONVERSION = YES;
				CLANG_WARN_COMMA = YES;
				CLANG_WARN_CONSTANT_CONVERSION = YES;
				CLANG_WARN_DEPRECATED_OBJC_IMPLEMENTATIONS = YES;
				CLANG_WARN_DIRECT_OBJC_ISA_USAGE = YES_ERROR;
				CLANG_WARN_DOCUMENTATION_COMMENTS = YES;
				CLANG_WARN_EMPTY_BODY = YES;
				CLANG_WARN_ENUM_CONVERSION = YES;
				CLANG_WARN_INFINITE_RECURSION = YES;
				CLANG_WARN_INT_CONVERSION = YES;
				CLANG_WARN_NON_LITERAL_NULL_CONVERSION = YES;
				CLANG_WARN_OBJC_IMPLICIT_RETAIN_SELF = YES;
				CLANG_WARN_OBJC_LITERAL_CONVERSION = YES;
				CLANG_WARN_OBJC_ROOT_CLASS = YES_ERROR;
				CLANG_WARN_QUOTED_INCLUDE_IN_FRAMEWORK_HEADER = YES;
				CLANG_WARN_RANGE_LOOP_ANALYSIS = YES;
				CLANG_WARN_STRICT_PROTOTYPES = YES;
				CLANG_WARN_SUSPICIOUS_MOVE = YES;
				CLANG_WARN_UNGUARDED_AVAILABILITY = YES_AGGRESSIVE;
				CLANG_WARN_UNREACHABLE_CODE = YES;
				CLANG_WARN__DUPLICATE_METHOD_MATCH = YES;
				COPY_PHASE_STRIP = NO;
				DEBUG_INFORMATION_FORMAT = "dwarf-with-dsym";
				DEVELOPMENT_TEAM = NS237SS5KD;
				ENABLE_NS_ASSERTIONS = NO;
				ENABLE_STRICT_OBJC_MSGSEND = YES;
				ENABLE_USER_SCRIPT_SANDBOXING = YES;
				GCC_C_LANGUAGE_STANDARD = gnu17;
				GCC_NO_COMMON_BLOCKS = YES;
				GCC_WARN_64_TO_32_BIT_CONVERSION = YES;
				GCC_WARN_ABOUT_RETURN_TYPE = YES_ERROR;
				GCC_WARN_UNDECLARED_SELECTOR = YES;
				GCC_WARN_UNINITIALIZED_AUTOS = YES_AGGRESSIVE;
				GCC_WARN_UNUSED_FUNCTION = YES;
				GCC_WARN_UNUSED_VARIABLE = YES;
				IPHONEOS_DEPLOYMENT_TARGET = 18.5;
				LOCALIZATION_PREFERS_STRING_CATALOGS = YES;
				MTL_ENABLE_DEBUG_INFO = NO;
				MTL_FAST_MATH = YES;
				SDKROOT = iphoneos;
				SWIFT_COMPILATION_MODE = wholemodule;
				VALIDATE_PRODUCT = YES;
			};
			name = Release;
		};
		B220463D2DF51EA9006ECF83 /* Debug */ = {
			isa = XCBuildConfiguration;
			buildSettings = {
				ASSETCATALOG_COMPILER_APPICON_NAME = AppIcon;
				ASSETCATALOG_COMPILER_GLOBAL_ACCENT_COLOR_NAME = AccentColor;
				CODE_SIGN_ENTITLEMENTS = "Mile A Day/Mile A Day.entitlements";
				CODE_SIGN_STYLE = Automatic;
				CURRENT_PROJECT_VERSION = 1;
				DEVELOPMENT_TEAM = NS237SS5KD;
				ENABLE_PREVIEWS = YES;
				GENERATE_INFOPLIST_FILE = YES;
				INFOPLIST_KEY_UIApplicationSceneManifest_Generation = YES;
				INFOPLIST_KEY_UIApplicationSupportsIndirectInputEvents = YES;
				INFOPLIST_KEY_UILaunchScreen_Generation = YES;
				INFOPLIST_KEY_UISupportedInterfaceOrientations_iPad = "UIInterfaceOrientationPortrait UIInterfaceOrientationPortraitUpsideDown UIInterfaceOrientationLandscapeLeft UIInterfaceOrientationLandscapeRight";
				INFOPLIST_KEY_UISupportedInterfaceOrientations_iPhone = "UIInterfaceOrientationPortrait UIInterfaceOrientationLandscapeLeft UIInterfaceOrientationLandscapeRight";
				LD_RUNPATH_SEARCH_PATHS = (
					"$(inherited)",
					"@executable_path/Frameworks",
				);
				MARKETING_VERSION = 1.0;
				PRODUCT_BUNDLE_IDENTIFIER = "org.robertwiscount.Mile-A-Day";
				PRODUCT_NAME = "$(TARGET_NAME)";
				SWIFT_EMIT_LOC_STRINGS = YES;
				SWIFT_VERSION = 5.0;
				TARGETED_DEVICE_FAMILY = "1,2";
			};
			name = Debug;
		};
		B220463E2DF51EA9006ECF83 /* Release */ = {
			isa = XCBuildConfiguration;
			buildSettings = {
				ASSETCATALOG_COMPILER_APPICON_NAME = AppIcon;
				ASSETCATALOG_COMPILER_GLOBAL_ACCENT_COLOR_NAME = AccentColor;
				CODE_SIGN_ENTITLEMENTS = "Mile A Day/Mile A Day.entitlements";
				CODE_SIGN_STYLE = Automatic;
				CURRENT_PROJECT_VERSION = 1;
				DEVELOPMENT_TEAM = NS237SS5KD;
				ENABLE_PREVIEWS = YES;
				GENERATE_INFOPLIST_FILE = YES;
				INFOPLIST_KEY_UIApplicationSceneManifest_Generation = YES;
				INFOPLIST_KEY_UIApplicationSupportsIndirectInputEvents = YES;
				INFOPLIST_KEY_UILaunchScreen_Generation = YES;
				INFOPLIST_KEY_UISupportedInterfaceOrientations_iPad = "UIInterfaceOrientationPortrait UIInterfaceOrientationPortraitUpsideDown UIInterfaceOrientationLandscapeLeft UIInterfaceOrientationLandscapeRight";
				INFOPLIST_KEY_UISupportedInterfaceOrientations_iPhone = "UIInterfaceOrientationPortrait UIInterfaceOrientationLandscapeLeft UIInterfaceOrientationLandscapeRight";
				LD_RUNPATH_SEARCH_PATHS = (
					"$(inherited)",
					"@executable_path/Frameworks",
				);
				MARKETING_VERSION = 1.0;
				PRODUCT_BUNDLE_IDENTIFIER = "org.robertwiscount.Mile-A-Day";
				PRODUCT_NAME = "$(TARGET_NAME)";
				SWIFT_EMIT_LOC_STRINGS = YES;
				SWIFT_VERSION = 5.0;
				TARGETED_DEVICE_FAMILY = "1,2";
			};
			name = Release;
		};
		B22046402DF51EA9006ECF83 /* Debug */ = {
			isa = XCBuildConfiguration;
			buildSettings = {
				BUNDLE_LOADER = "$(TEST_HOST)";
				CODE_SIGN_STYLE = Automatic;
				CURRENT_PROJECT_VERSION = 1;
				DEVELOPMENT_TEAM = NS237SS5KD;
				GENERATE_INFOPLIST_FILE = YES;
				IPHONEOS_DEPLOYMENT_TARGET = 18.5;
				MARKETING_VERSION = 1.0;
				PRODUCT_BUNDLE_IDENTIFIER = "org.robertwiscount.Mile-A-DayTests";
				PRODUCT_NAME = "$(TARGET_NAME)";
				SWIFT_EMIT_LOC_STRINGS = NO;
				SWIFT_VERSION = 5.0;
				TARGETED_DEVICE_FAMILY = "1,2";
				TEST_HOST = "$(BUILT_PRODUCTS_DIR)/Mile A Day.app/$(BUNDLE_EXECUTABLE_FOLDER_PATH)/Mile A Day";
			};
			name = Debug;
		};
		B22046412DF51EA9006ECF83 /* Release */ = {
			isa = XCBuildConfiguration;
			buildSettings = {
				BUNDLE_LOADER = "$(TEST_HOST)";
				CODE_SIGN_STYLE = Automatic;
				CURRENT_PROJECT_VERSION = 1;
				DEVELOPMENT_TEAM = NS237SS5KD;
				GENERATE_INFOPLIST_FILE = YES;
				IPHONEOS_DEPLOYMENT_TARGET = 18.5;
				MARKETING_VERSION = 1.0;
				PRODUCT_BUNDLE_IDENTIFIER = "org.robertwiscount.Mile-A-DayTests";
				PRODUCT_NAME = "$(TARGET_NAME)";
				SWIFT_EMIT_LOC_STRINGS = NO;
				SWIFT_VERSION = 5.0;
				TARGETED_DEVICE_FAMILY = "1,2";
				TEST_HOST = "$(BUILT_PRODUCTS_DIR)/Mile A Day.app/$(BUNDLE_EXECUTABLE_FOLDER_PATH)/Mile A Day";
			};
			name = Release;
		};
		B22046432DF51EA9006ECF83 /* Debug */ = {
			isa = XCBuildConfiguration;
			buildSettings = {
				CODE_SIGN_STYLE = Automatic;
				CURRENT_PROJECT_VERSION = 1;
				DEVELOPMENT_TEAM = NS237SS5KD;
				GENERATE_INFOPLIST_FILE = YES;
				MARKETING_VERSION = 1.0;
				PRODUCT_BUNDLE_IDENTIFIER = "org.robertwiscount.Mile-A-DayUITests";
				PRODUCT_NAME = "$(TARGET_NAME)";
				SWIFT_EMIT_LOC_STRINGS = NO;
				SWIFT_VERSION = 5.0;
				TARGETED_DEVICE_FAMILY = "1,2";
				TEST_TARGET_NAME = "Mile A Day";
			};
			name = Debug;
		};
		B22046442DF51EA9006ECF83 /* Release */ = {
			isa = XCBuildConfiguration;
			buildSettings = {
				CODE_SIGN_STYLE = Automatic;
				CURRENT_PROJECT_VERSION = 1;
				DEVELOPMENT_TEAM = NS237SS5KD;
				GENERATE_INFOPLIST_FILE = YES;
				MARKETING_VERSION = 1.0;
				PRODUCT_BUNDLE_IDENTIFIER = "org.robertwiscount.Mile-A-DayUITests";
				PRODUCT_NAME = "$(TARGET_NAME)";
				SWIFT_EMIT_LOC_STRINGS = NO;
				SWIFT_VERSION = 5.0;
				TARGETED_DEVICE_FAMILY = "1,2";
				TEST_TARGET_NAME = "Mile A Day";
			};
			name = Release;
		};
/* End XCBuildConfiguration section */

/* Begin XCConfigurationList section */
		B218EEFA2DFCD68300E19230 /* Build configuration list for PBXNativeTarget "MileADayWidgetsExtension" */ = {
			isa = XCConfigurationList;
			buildConfigurations = (
				B218EEFB2DFCD68300E19230 /* Debug */,
				B218EEFC2DFCD68300E19230 /* Release */,
			);
			defaultConfigurationIsVisible = 0;
			defaultConfigurationName = Release;
		};
		B22046162DF51E9A006ECF83 /* Build configuration list for PBXProject "Mile A Day" */ = {
			isa = XCConfigurationList;
			buildConfigurations = (
				B220463A2DF51EA9006ECF83 /* Debug */,
				B220463B2DF51EA9006ECF83 /* Release */,
			);
			defaultConfigurationIsVisible = 0;
			defaultConfigurationName = Release;
		};
		B220463C2DF51EA9006ECF83 /* Build configuration list for PBXNativeTarget "Mile A Day" */ = {
			isa = XCConfigurationList;
			buildConfigurations = (
				B220463D2DF51EA9006ECF83 /* Debug */,
				B220463E2DF51EA9006ECF83 /* Release */,
			);
			defaultConfigurationIsVisible = 0;
			defaultConfigurationName = Release;
		};
		B220463F2DF51EA9006ECF83 /* Build configuration list for PBXNativeTarget "Mile A DayTests" */ = {
			isa = XCConfigurationList;
			buildConfigurations = (
				B22046402DF51EA9006ECF83 /* Debug */,
				B22046412DF51EA9006ECF83 /* Release */,
			);
			defaultConfigurationIsVisible = 0;
			defaultConfigurationName = Release;
		};
		B22046422DF51EA9006ECF83 /* Build configuration list for PBXNativeTarget "Mile A DayUITests" */ = {
			isa = XCConfigurationList;
			buildConfigurations = (
				B22046432DF51EA9006ECF83 /* Debug */,
				B22046442DF51EA9006ECF83 /* Release */,
			);
			defaultConfigurationIsVisible = 0;
			defaultConfigurationName = Release;
		};
/* End XCConfigurationList section */
	};
	rootObject = B22046132DF51E9A006ECF83 /* Project object */;
}
